
Microsoft Visual Studio Solution File, Format Version 12.00
# Visual Studio 15
VisualStudioVersion = 15.0.28010.2016
MinimumVisualStudioVersion = 10.0.40219.1
Project("{FAE04EC0-301F-11D3-BF4B-00C04F79EFBC}") = "FuzzyDecisionMaker", "FuzzyDecisionMaker\FuzzyDecisionMaker.csproj", "{DB38DBEA-FB56-460A-9564-A76A4D49BBD2}"
EndProject
Project("{FAE04EC0-301F-11D3-BF4B-00C04F79EFBC}") = "Test", "Test\Test.csproj", "{A674051A-18F1-449F-ABC0-5824A277AB04}"
EndProject
Global
	GlobalSection(SolutionConfigurationPlatforms) = preSolution
		Debug|Any CPU = Debug|Any CPU
		Release|Any CPU = Release|Any CPU
	EndGlobalSection
	GlobalSection(ProjectConfigurationPlatforms) = postSolution
		{DB38DBEA-FB56-460A-9564-A76A4D49BBD2}.Debug|Any CPU.ActiveCfg = Debug|Any CPU
		{DB38DBEA-FB56-460A-9564-A76A4D49BBD2}.Debug|Any CPU.Build.0 = Debug|Any CPU
		{DB38DBEA-FB56-460A-9564-A76A4D49BBD2}.Release|Any CPU.ActiveCfg = Release|Any CPU
		{DB38DBEA-FB56-460A-9564-A76A4D49BBD2}.Release|Any CPU.Build.0 = Release|Any CPU
		{A674051A-18F1-449F-ABC0-5824A277AB04}.Debug|Any CPU.ActiveCfg = Debug|Any CPU
		{A674051A-18F1-449F-ABC0-5824A277AB04}.Debug|Any CPU.Build.0 = Debug|Any CPU
		{A674051A-18F1-449F-ABC0-5824A277AB04}.Release|Any CPU.ActiveCfg = Release|Any CPU
		{A674051A-18F1-449F-ABC0-5824A277AB04}.Release|Any CPU.Build.0 = Release|Any CPU
	EndGlobalSection
	GlobalSection(SolutionProperties) = preSolution
		HideSolutionNode = FALSE
	EndGlobalSection
	GlobalSection(ExtensibilityGlobals) = postSolution
		SolutionGuid = {2A5C28BC-8374-45D6-839A-6B3DA0D07B94}
	EndGlobalSection
EndGlobal
